
Microsoft Visual Studio Solution File, Format Version 12.00
# Visual Studio 15
VisualStudioVersion = 15.0.26730.16
MinimumVisualStudioVersion = 10.0.40219.1
Project("{FAE04EC0-301F-11D3-BF4B-00C04F79EFBC}") = "IDReader", "IDReader\IDReader.csproj", "{4AA51C2C-7F8E-41F0-9606-6573175BF951}"
EndProject
Global
	GlobalSection(SolutionConfigurationPlatforms) = preSolution
		Debug|Any CPU = Debug|Any CPU
		Release|Any CPU = Release|Any CPU
	EndGlobalSection
	GlobalSection(ProjectConfigurationPlatforms) = postSolution
		{4AA51C2C-7F8E-41F0-9606-6573175BF951}.Debug|Any CPU.ActiveCfg = Debug|Any CPU
		{4AA51C2C-7F8E-41F0-9606-6573175BF951}.Debug|Any CPU.Build.0 = Debug|Any CPU
		{4AA51C2C-7F8E-41F0-9606-6573175BF951}.Release|Any CPU.ActiveCfg = Release|Any CPU
		{4AA51C2C-7F8E-41F0-9606-6573175BF951}.Release|Any CPU.Build.0 = Release|Any CPU
	EndGlobalSection
	GlobalSection(SolutionProperties) = preSolution
		HideSolutionNode = FALSE
	EndGlobalSection
	GlobalSection(ExtensibilityGlobals) = postSolution
		SolutionGuid = {EB64CEC3-7F8F-418D-9299-C17496F0F3E1}
	EndGlobalSection
EndGlobal
