
Microsoft Visual Studio Solution File, Format Version 12.00
# Visual Studio 15
VisualStudioVersion = 15.0.26730.16
MinimumVisualStudioVersion = 10.0.40219.1
Project("{FAE04EC0-301F-11D3-BF4B-00C04F79EFBC}") = "HW12", "HW12\HW12.csproj", "{3E8588B2-C658-4C85-818C-B2C04F96991C}"
EndProject
Project("{FAE04EC0-301F-11D3-BF4B-00C04F79EFBC}") = "Task2", "Task2\Task2.csproj", "{CF432EAE-7B8B-4F66-9DE3-BE760BC13BBA}"
EndProject
Project("{FAE04EC0-301F-11D3-BF4B-00C04F79EFBC}") = "Task3", "Task3\Task3.csproj", "{3AA61903-0D93-41B3-ABC2-13637A45B15E}"
EndProject
Global
	GlobalSection(SolutionConfigurationPlatforms) = preSolution
		Debug|Any CPU = Debug|Any CPU
		Release|Any CPU = Release|Any CPU
	EndGlobalSection
	GlobalSection(ProjectConfigurationPlatforms) = postSolution
		{3E8588B2-C658-4C85-818C-B2C04F96991C}.Debug|Any CPU.ActiveCfg = Debug|Any CPU
		{3E8588B2-C658-4C85-818C-B2C04F96991C}.Debug|Any CPU.Build.0 = Debug|Any CPU
		{3E8588B2-C658-4C85-818C-B2C04F96991C}.Release|Any CPU.ActiveCfg = Release|Any CPU
		{3E8588B2-C658-4C85-818C-B2C04F96991C}.Release|Any CPU.Build.0 = Release|Any CPU
		{CF432EAE-7B8B-4F66-9DE3-BE760BC13BBA}.Debug|Any CPU.ActiveCfg = Debug|Any CPU
		{CF432EAE-7B8B-4F66-9DE3-BE760BC13BBA}.Debug|Any CPU.Build.0 = Debug|Any CPU
		{CF432EAE-7B8B-4F66-9DE3-BE760BC13BBA}.Release|Any CPU.ActiveCfg = Release|Any CPU
		{CF432EAE-7B8B-4F66-9DE3-BE760BC13BBA}.Release|Any CPU.Build.0 = Release|Any CPU
		{3AA61903-0D93-41B3-ABC2-13637A45B15E}.Debug|Any CPU.ActiveCfg = Debug|Any CPU
		{3AA61903-0D93-41B3-ABC2-13637A45B15E}.Debug|Any CPU.Build.0 = Debug|Any CPU
		{3AA61903-0D93-41B3-ABC2-13637A45B15E}.Release|Any CPU.ActiveCfg = Release|Any CPU
		{3AA61903-0D93-41B3-ABC2-13637A45B15E}.Release|Any CPU.Build.0 = Release|Any CPU
	EndGlobalSection
	GlobalSection(SolutionProperties) = preSolution
		HideSolutionNode = FALSE
	EndGlobalSection
	GlobalSection(ExtensibilityGlobals) = postSolution
		SolutionGuid = {8B5D3B32-4092-4EE7-916A-9A687C019F2E}
	EndGlobalSection
EndGlobal
