
Microsoft Visual Studio Solution File, Format Version 12.00
# Visual Studio 15
VisualStudioVersion = 15.0.26730.16
MinimumVisualStudioVersion = 10.0.40219.1
Project("{FAE04EC0-301F-11D3-BF4B-00C04F79EFBC}") = "praktikum14", "praktikum14\praktikum14.csproj", "{908C8290-CBAD-459F-9B51-1DC010C72FEF}"
EndProject
Global
	GlobalSection(SolutionConfigurationPlatforms) = preSolution
		Debug|Any CPU = Debug|Any CPU
		Release|Any CPU = Release|Any CPU
	EndGlobalSection
	GlobalSection(ProjectConfigurationPlatforms) = postSolution
		{908C8290-CBAD-459F-9B51-1DC010C72FEF}.Debug|Any CPU.ActiveCfg = Debug|Any CPU
		{908C8290-CBAD-459F-9B51-1DC010C72FEF}.Debug|Any CPU.Build.0 = Debug|Any CPU
		{908C8290-CBAD-459F-9B51-1DC010C72FEF}.Release|Any CPU.ActiveCfg = Release|Any CPU
		{908C8290-CBAD-459F-9B51-1DC010C72FEF}.Release|Any CPU.Build.0 = Release|Any CPU
	EndGlobalSection
	GlobalSection(SolutionProperties) = preSolution
		HideSolutionNode = FALSE
	EndGlobalSection
	GlobalSection(ExtensibilityGlobals) = postSolution
		SolutionGuid = {8700E285-614A-43A2-9B6A-E83E6AE00154}
	EndGlobalSection
EndGlobal
