
Microsoft Visual Studio Solution File, Format Version 12.00
# Visual Studio 15
VisualStudioVersion = 15.0.27130.2027
MinimumVisualStudioVersion = 10.0.40219.1
Project("{FAE04EC0-301F-11D3-BF4B-00C04F79EFBC}") = "CinemaPlacement", "CinemaPlacement\CinemaPlacement.csproj", "{A1CD0C57-B968-43A4-B48E-6FC40525E5B2}"
EndProject
Global
	GlobalSection(SolutionConfigurationPlatforms) = preSolution
		Debug|Any CPU = Debug|Any CPU
		Release|Any CPU = Release|Any CPU
	EndGlobalSection
	GlobalSection(ProjectConfigurationPlatforms) = postSolution
		{A1CD0C57-B968-43A4-B48E-6FC40525E5B2}.Debug|Any CPU.ActiveCfg = Debug|Any CPU
		{A1CD0C57-B968-43A4-B48E-6FC40525E5B2}.Debug|Any CPU.Build.0 = Debug|Any CPU
		{A1CD0C57-B968-43A4-B48E-6FC40525E5B2}.Release|Any CPU.ActiveCfg = Release|Any CPU
		{A1CD0C57-B968-43A4-B48E-6FC40525E5B2}.Release|Any CPU.Build.0 = Release|Any CPU
	EndGlobalSection
	GlobalSection(SolutionProperties) = preSolution
		HideSolutionNode = FALSE
	EndGlobalSection
	GlobalSection(ExtensibilityGlobals) = postSolution
		SolutionGuid = {16C62B47-4D6D-4C93-AF5A-353A15F3C874}
	EndGlobalSection
EndGlobal
